
Microsoft Visual Studio Solution File, Format Version 10.00
# Visual Studio 2008
Project("{FAE04EC0-301F-11D3-BF4B-00C04F79EFBC}") = "Stocks", "Stocks\Stocks.csproj", "{28273617-2EDD-42F2-9DCA-86700306AAA2}"
EndProject
Global
	GlobalSection(SolutionConfigurationPlatforms) = preSolution
		Debug|Any CPU = Debug|Any CPU
		Release|Any CPU = Release|Any CPU
	EndGlobalSection
	GlobalSection(ProjectConfigurationPlatforms) = postSolution
		{28273617-2EDD-42F2-9DCA-86700306AAA2}.Debug|Any CPU.ActiveCfg = Debug|Any CPU
		{28273617-2EDD-42F2-9DCA-86700306AAA2}.Debug|Any CPU.Build.0 = Debug|Any CPU
		{28273617-2EDD-42F2-9DCA-86700306AAA2}.Release|Any CPU.ActiveCfg = Release|Any CPU
		{28273617-2EDD-42F2-9DCA-86700306AAA2}.Release|Any CPU.Build.0 = Release|Any CPU
	EndGlobalSection
	GlobalSection(SolutionProperties) = preSolution
		HideSolutionNode = FALSE
	EndGlobalSection
EndGlobal
